
Microsoft Visual Studio Solution File, Format Version 12.00
# Visual Studio Version 17
VisualStudioVersion = 17.1.32414.318
MinimumVisualStudioVersion = 10.0.40219.1
Project("{FAE04EC0-301F-11D3-BF4B-00C04F79EFBC}") = "p2", "p2\p2.csproj", "{52A60A8A-6126-47FB-82C3-283BBBE3BF5C}"
EndProject
Global
	GlobalSection(SolutionConfigurationPlatforms) = preSolution
		Debug|Any CPU = Debug|Any CPU
		Release|Any CPU = Release|Any CPU
	EndGlobalSection
	GlobalSection(ProjectConfigurationPlatforms) = postSolution
		{52A60A8A-6126-47FB-82C3-283BBBE3BF5C}.Debug|Any CPU.ActiveCfg = Debug|Any CPU
		{52A60A8A-6126-47FB-82C3-283BBBE3BF5C}.Debug|Any CPU.Build.0 = Debug|Any CPU
		{52A60A8A-6126-47FB-82C3-283BBBE3BF5C}.Release|Any CPU.ActiveCfg = Release|Any CPU
		{52A60A8A-6126-47FB-82C3-283BBBE3BF5C}.Release|Any CPU.Build.0 = Release|Any CPU
	EndGlobalSection
	GlobalSection(SolutionProperties) = preSolution
		HideSolutionNode = FALSE
	EndGlobalSection
	GlobalSection(ExtensibilityGlobals) = postSolution
		SolutionGuid = {8D6C3FC6-1339-4EB1-8916-93C42927B885}
	EndGlobalSection
EndGlobal
